
Microsoft Visual Studio Solution File, Format Version 12.00
# Visual Studio 14
VisualStudioVersion = 14.0.25420.1
MinimumVisualStudioVersion = 10.0.40219.1
Project("{2150E333-8FDC-42A3-9474-1A3956D46DE8}") = "src", "src", "{E5F1A11B-1B76-486A-B897-CA02042D422E}"
EndProject
Project("{2150E333-8FDC-42A3-9474-1A3956D46DE8}") = "Solution Items", "Solution Items", "{50C6C51D-E2BD-4EE4-B8AC-DBBBE4BA65CC}"
	ProjectSection(SolutionItems) = preProject
		global.json = global.json
	EndProjectSection
EndProject
Project("{8BB2217D-0F2D-49D1-97BC-3654ED321F3B}") = "EvalAppCoreAut", "src\EvalAppCoreAut\EvalAppCoreAut.xproj", "{05162254-B9BB-4ABC-8EDF-48165D4B4217}"
EndProject
Global
	GlobalSection(SolutionConfigurationPlatforms) = preSolution
		Debug|Any CPU = Debug|Any CPU
		Release|Any CPU = Release|Any CPU
	EndGlobalSection
	GlobalSection(ProjectConfigurationPlatforms) = postSolution
		{05162254-B9BB-4ABC-8EDF-48165D4B4217}.Debug|Any CPU.ActiveCfg = Debug|Any CPU
		{05162254-B9BB-4ABC-8EDF-48165D4B4217}.Debug|Any CPU.Build.0 = Debug|Any CPU
		{05162254-B9BB-4ABC-8EDF-48165D4B4217}.Release|Any CPU.ActiveCfg = Release|Any CPU
		{05162254-B9BB-4ABC-8EDF-48165D4B4217}.Release|Any CPU.Build.0 = Release|Any CPU
	EndGlobalSection
	GlobalSection(SolutionProperties) = preSolution
		HideSolutionNode = FALSE
	EndGlobalSection
	GlobalSection(NestedProjects) = preSolution
		{05162254-B9BB-4ABC-8EDF-48165D4B4217} = {E5F1A11B-1B76-486A-B897-CA02042D422E}
	EndGlobalSection
EndGlobal
